
Microsoft Visual Studio Solution File, Format Version 12.00
# Visual Studio Version 16
VisualStudioVersion = 16.0.32413.511
MinimumVisualStudioVersion = 10.0.40219.1
Project("{FAE04EC0-301F-11D3-BF4B-00C04F79EFBC}") = "UNIDAD6", "UNIDAD6.csproj", "{765A58CA-2C62-4D80-818F-486851D4A631}"
EndProject
Global
	GlobalSection(SolutionConfigurationPlatforms) = preSolution
		Debug|Any CPU = Debug|Any CPU
		Release|Any CPU = Release|Any CPU
	EndGlobalSection
	GlobalSection(ProjectConfigurationPlatforms) = postSolution
		{765A58CA-2C62-4D80-818F-486851D4A631}.Debug|Any CPU.ActiveCfg = Debug|Any CPU
		{765A58CA-2C62-4D80-818F-486851D4A631}.Debug|Any CPU.Build.0 = Debug|Any CPU
		{765A58CA-2C62-4D80-818F-486851D4A631}.Release|Any CPU.ActiveCfg = Release|Any CPU
		{765A58CA-2C62-4D80-818F-486851D4A631}.Release|Any CPU.Build.0 = Release|Any CPU
	EndGlobalSection
	GlobalSection(SolutionProperties) = preSolution
		HideSolutionNode = FALSE
	EndGlobalSection
	GlobalSection(ExtensibilityGlobals) = postSolution
		SolutionGuid = {623C8338-3688-4F14-A8AA-75B8DBEA2844}
	EndGlobalSection
EndGlobal
